
Microsoft Visual Studio Solution File, Format Version 12.00
# Visual Studio Version 16
VisualStudioVersion = 16.0.29519.181
MinimumVisualStudioVersion = 10.0.40219.1
Project("{FAE04EC0-301F-11D3-BF4B-00C04F79EFBC}") = "PMWebApp", "PMWebApp.csproj", "{3735FEB5-5C0B-4E20-A7CE-1FD033DF9C78}"
EndProject
Global
	GlobalSection(SolutionConfigurationPlatforms) = preSolution
		Debug|Any CPU = Debug|Any CPU
		Release|Any CPU = Release|Any CPU
	EndGlobalSection
	GlobalSection(ProjectConfigurationPlatforms) = postSolution
		{3735FEB5-5C0B-4E20-A7CE-1FD033DF9C78}.Debug|Any CPU.ActiveCfg = Debug|Any CPU
		{3735FEB5-5C0B-4E20-A7CE-1FD033DF9C78}.Debug|Any CPU.Build.0 = Debug|Any CPU
		{3735FEB5-5C0B-4E20-A7CE-1FD033DF9C78}.Release|Any CPU.ActiveCfg = Release|Any CPU
		{3735FEB5-5C0B-4E20-A7CE-1FD033DF9C78}.Release|Any CPU.Build.0 = Release|Any CPU
	EndGlobalSection
	GlobalSection(SolutionProperties) = preSolution
		HideSolutionNode = FALSE
	EndGlobalSection
	GlobalSection(ExtensibilityGlobals) = postSolution
		SolutionGuid = {0F3ECA0D-7FBE-42C6-9575-5488E12A4943}
	EndGlobalSection
EndGlobal
